
Microsoft Visual Studio Solution File, Format Version 12.00
Project("{FAE04EC0-301F-11D3-BF4B-00C04F79EFBC}") = "SpotifyProCalidad", "SpotifyProCalidad\SpotifyProCalidad.csproj", "{D14A3705-A227-49DA-B039-C1937A2A60DC}"
EndProject
Project("{FAE04EC0-301F-11D3-BF4B-00C04F79EFBC}") = "SpotifyProCalidadPruebas", "SpotifyProCalidadPruebas\SpotifyProCalidadPruebas.csproj", "{BF23BEA1-3868-41F7-9661-07673028B5C4}"
EndProject
Global
	GlobalSection(SolutionConfigurationPlatforms) = preSolution
		Debug|Any CPU = Debug|Any CPU
		Release|Any CPU = Release|Any CPU
	EndGlobalSection
	GlobalSection(ProjectConfigurationPlatforms) = postSolution
		{D14A3705-A227-49DA-B039-C1937A2A60DC}.Debug|Any CPU.ActiveCfg = Debug|Any CPU
		{D14A3705-A227-49DA-B039-C1937A2A60DC}.Debug|Any CPU.Build.0 = Debug|Any CPU
		{D14A3705-A227-49DA-B039-C1937A2A60DC}.Release|Any CPU.ActiveCfg = Release|Any CPU
		{D14A3705-A227-49DA-B039-C1937A2A60DC}.Release|Any CPU.Build.0 = Release|Any CPU
		{BF23BEA1-3868-41F7-9661-07673028B5C4}.Debug|Any CPU.ActiveCfg = Debug|Any CPU
		{BF23BEA1-3868-41F7-9661-07673028B5C4}.Debug|Any CPU.Build.0 = Debug|Any CPU
		{BF23BEA1-3868-41F7-9661-07673028B5C4}.Release|Any CPU.ActiveCfg = Release|Any CPU
		{BF23BEA1-3868-41F7-9661-07673028B5C4}.Release|Any CPU.Build.0 = Release|Any CPU
	EndGlobalSection
EndGlobal
